
Microsoft Visual Studio Solution File, Format Version 12.00
# Visual Studio Version 16
VisualStudioVersion = 16.0.810.14
MinimumVisualStudioVersion = 10.0.40219.1
Project("{FAE04EC0-301F-11D3-BF4B-00C04F79EFBC}") = "CardGame", "CardGame\CardGame.csproj", "{D53BE014-18D3-4E79-938A-7F03ADA8C87F}"
EndProject
Project("{FAE04EC0-301F-11D3-BF4B-00C04F79EFBC}") = "CardGameTest", "CardGameTest\CardGameTest.csproj", "{B5BFA8AE-2C04-48BD-BF2B-8E02672140B1}"
EndProject
Global
	GlobalSection(SolutionConfigurationPlatforms) = preSolution
		Debug|Any CPU = Debug|Any CPU
		Release|Any CPU = Release|Any CPU
	EndGlobalSection
	GlobalSection(ProjectConfigurationPlatforms) = postSolution
		{D53BE014-18D3-4E79-938A-7F03ADA8C87F}.Debug|Any CPU.ActiveCfg = Debug|Any CPU
		{D53BE014-18D3-4E79-938A-7F03ADA8C87F}.Debug|Any CPU.Build.0 = Debug|Any CPU
		{D53BE014-18D3-4E79-938A-7F03ADA8C87F}.Release|Any CPU.ActiveCfg = Release|Any CPU
		{D53BE014-18D3-4E79-938A-7F03ADA8C87F}.Release|Any CPU.Build.0 = Release|Any CPU
		{B5BFA8AE-2C04-48BD-BF2B-8E02672140B1}.Debug|Any CPU.ActiveCfg = Debug|Any CPU
		{B5BFA8AE-2C04-48BD-BF2B-8E02672140B1}.Debug|Any CPU.Build.0 = Debug|Any CPU
		{B5BFA8AE-2C04-48BD-BF2B-8E02672140B1}.Release|Any CPU.ActiveCfg = Release|Any CPU
		{B5BFA8AE-2C04-48BD-BF2B-8E02672140B1}.Release|Any CPU.Build.0 = Release|Any CPU
	EndGlobalSection
	GlobalSection(SolutionProperties) = preSolution
		HideSolutionNode = FALSE
	EndGlobalSection
	GlobalSection(ExtensibilityGlobals) = postSolution
		SolutionGuid = {20A115A8-CCDB-4702-9DC4-E4256D1CF54F}
	EndGlobalSection
EndGlobal
